
Microsoft Visual Studio Solution File, Format Version 12.00
# Visual Studio 15
VisualStudioVersion = 15.0.28307.329
MinimumVisualStudioVersion = 10.0.40219.1
Project("{FAE04EC0-301F-11D3-BF4B-00C04F79EFBC}") = "GenericCollectionsLibrary", "GenericCollectionsLibrary\GenericCollectionsLibrary.csproj", "{FCB586CB-6ADD-4C33-88F8-AD5505ABECB7}"
EndProject
Global
	GlobalSection(SolutionConfigurationPlatforms) = preSolution
		Debug|Any CPU = Debug|Any CPU
		Release|Any CPU = Release|Any CPU
	EndGlobalSection
	GlobalSection(ProjectConfigurationPlatforms) = postSolution
		{FCB586CB-6ADD-4C33-88F8-AD5505ABECB7}.Debug|Any CPU.ActiveCfg = Debug|Any CPU
		{FCB586CB-6ADD-4C33-88F8-AD5505ABECB7}.Debug|Any CPU.Build.0 = Debug|Any CPU
		{FCB586CB-6ADD-4C33-88F8-AD5505ABECB7}.Release|Any CPU.ActiveCfg = Release|Any CPU
		{FCB586CB-6ADD-4C33-88F8-AD5505ABECB7}.Release|Any CPU.Build.0 = Release|Any CPU
	EndGlobalSection
	GlobalSection(SolutionProperties) = preSolution
		HideSolutionNode = FALSE
	EndGlobalSection
	GlobalSection(ExtensibilityGlobals) = postSolution
		SolutionGuid = {1B397447-5980-4C39-9DA9-A2FB068644D3}
	EndGlobalSection
EndGlobal
